
Microsoft Visual Studio Solution File, Format Version 12.00
# Visual Studio Version 17
VisualStudioVersion = 17.5.33424.131
MinimumVisualStudioVersion = 10.0.40219.1
Project("{9A19103F-16F7-4668-BE54-9A1E7A4F7556}") = "Project_Sentinel", "Project_Sentinel\Project_Sentinel.csproj", "{779A060E-27A7-4F8F-B68C-174EFA62841A}"
EndProject
Project("{9A19103F-16F7-4668-BE54-9A1E7A4F7556}") = "DatabaseWorker", "DatabaseWorker\DatabaseWorker.csproj", "{BE91B2A1-F204-41D5-BAF0-7B83559DD1E1}"
EndProject
Project("{9A19103F-16F7-4668-BE54-9A1E7A4F7556}") = "Middleware", "Middleware\Middleware.csproj", "{6DDFCCF5-7F13-435C-87E5-46EAA936D087}"
EndProject
Project("{9A19103F-16F7-4668-BE54-9A1E7A4F7556}") = "Notification.Wpf", "Notification.Wpf\Notification.Wpf.csproj", "{CCD83D10-BCA3-4ED6-A3B2-4283AD66AA59}"
EndProject
Global
	GlobalSection(SolutionConfigurationPlatforms) = preSolution
		Debug|Any CPU = Debug|Any CPU
		Release|Any CPU = Release|Any CPU
	EndGlobalSection
	GlobalSection(ProjectConfigurationPlatforms) = postSolution
		{779A060E-27A7-4F8F-B68C-174EFA62841A}.Debug|Any CPU.ActiveCfg = Debug|Any CPU
		{779A060E-27A7-4F8F-B68C-174EFA62841A}.Debug|Any CPU.Build.0 = Debug|Any CPU
		{779A060E-27A7-4F8F-B68C-174EFA62841A}.Release|Any CPU.ActiveCfg = Release|Any CPU
		{779A060E-27A7-4F8F-B68C-174EFA62841A}.Release|Any CPU.Build.0 = Release|Any CPU
		{BE91B2A1-F204-41D5-BAF0-7B83559DD1E1}.Debug|Any CPU.ActiveCfg = Debug|Any CPU
		{BE91B2A1-F204-41D5-BAF0-7B83559DD1E1}.Debug|Any CPU.Build.0 = Debug|Any CPU
		{BE91B2A1-F204-41D5-BAF0-7B83559DD1E1}.Release|Any CPU.ActiveCfg = Release|Any CPU
		{BE91B2A1-F204-41D5-BAF0-7B83559DD1E1}.Release|Any CPU.Build.0 = Release|Any CPU
		{6DDFCCF5-7F13-435C-87E5-46EAA936D087}.Debug|Any CPU.ActiveCfg = Debug|Any CPU
		{6DDFCCF5-7F13-435C-87E5-46EAA936D087}.Debug|Any CPU.Build.0 = Debug|Any CPU
		{6DDFCCF5-7F13-435C-87E5-46EAA936D087}.Release|Any CPU.ActiveCfg = Release|Any CPU
		{6DDFCCF5-7F13-435C-87E5-46EAA936D087}.Release|Any CPU.Build.0 = Release|Any CPU
		{CCD83D10-BCA3-4ED6-A3B2-4283AD66AA59}.Debug|Any CPU.ActiveCfg = Debug|Any CPU
		{CCD83D10-BCA3-4ED6-A3B2-4283AD66AA59}.Debug|Any CPU.Build.0 = Debug|Any CPU
		{CCD83D10-BCA3-4ED6-A3B2-4283AD66AA59}.Release|Any CPU.ActiveCfg = Release|Any CPU
		{CCD83D10-BCA3-4ED6-A3B2-4283AD66AA59}.Release|Any CPU.Build.0 = Release|Any CPU
	EndGlobalSection
	GlobalSection(SolutionProperties) = preSolution
		HideSolutionNode = FALSE
	EndGlobalSection
	GlobalSection(ExtensibilityGlobals) = postSolution
		SolutionGuid = {95EC05BB-7DFA-4850-880C-6FEAEDBF0562}
	EndGlobalSection
EndGlobal
